
Microsoft Visual Studio Solution File, Format Version 12.00
# Visual Studio Version 17
VisualStudioVersion = 17.0.31903.59
MinimumVisualStudioVersion = 10.0.40219.1
Project("{FAE04EC0-301F-11D3-BF4B-00C04F79EFBC}") = "DinnerHelper.Infrastructure", "DinnerHelper.Infrastructure\DinnerHelper.Infrastructure.csproj", "{1BFAD2B2-FC3F-44F4-90F6-A0D752935265}"
EndProject
Project("{FAE04EC0-301F-11D3-BF4B-00C04F79EFBC}") = "DinnerHelper.Contracts", "DinnerHelper.Contracts\DinnerHelper.Contracts.csproj", "{9213F204-2BB0-4B3A-ADDE-10C122F4E689}"
EndProject
Project("{FAE04EC0-301F-11D3-BF4B-00C04F79EFBC}") = "DinnerHelper.Api", "DinnerHelper.Api\DinnerHelper.Api.csproj", "{7CE934C8-AF45-4DD5-8E76-28C36C5804DF}"
EndProject
Project("{FAE04EC0-301F-11D3-BF4B-00C04F79EFBC}") = "DinnerHelper.Domain", "DinnerHelper.Domain\DinnerHelper.Domain.csproj", "{54033650-736F-4092-A81F-E8E99CF1845F}"
EndProject
Project("{FAE04EC0-301F-11D3-BF4B-00C04F79EFBC}") = "DinnerHelper.Application", "DinnerHelper.Application\DinnerHelper.Application.csproj", "{7DCC1CEE-DA99-4B1D-B7AD-D630066FF40F}"
EndProject
Global
	GlobalSection(SolutionConfigurationPlatforms) = preSolution
		Debug|Any CPU = Debug|Any CPU
		Release|Any CPU = Release|Any CPU
	EndGlobalSection
	GlobalSection(SolutionProperties) = preSolution
		HideSolutionNode = FALSE
	EndGlobalSection
	GlobalSection(ProjectConfigurationPlatforms) = postSolution
		{1BFAD2B2-FC3F-44F4-90F6-A0D752935265}.Debug|Any CPU.ActiveCfg = Debug|Any CPU
		{1BFAD2B2-FC3F-44F4-90F6-A0D752935265}.Debug|Any CPU.Build.0 = Debug|Any CPU
		{1BFAD2B2-FC3F-44F4-90F6-A0D752935265}.Release|Any CPU.ActiveCfg = Release|Any CPU
		{1BFAD2B2-FC3F-44F4-90F6-A0D752935265}.Release|Any CPU.Build.0 = Release|Any CPU
		{9213F204-2BB0-4B3A-ADDE-10C122F4E689}.Debug|Any CPU.ActiveCfg = Debug|Any CPU
		{9213F204-2BB0-4B3A-ADDE-10C122F4E689}.Debug|Any CPU.Build.0 = Debug|Any CPU
		{9213F204-2BB0-4B3A-ADDE-10C122F4E689}.Release|Any CPU.ActiveCfg = Release|Any CPU
		{9213F204-2BB0-4B3A-ADDE-10C122F4E689}.Release|Any CPU.Build.0 = Release|Any CPU
		{7CE934C8-AF45-4DD5-8E76-28C36C5804DF}.Debug|Any CPU.ActiveCfg = Debug|Any CPU
		{7CE934C8-AF45-4DD5-8E76-28C36C5804DF}.Debug|Any CPU.Build.0 = Debug|Any CPU
		{7CE934C8-AF45-4DD5-8E76-28C36C5804DF}.Release|Any CPU.ActiveCfg = Release|Any CPU
		{7CE934C8-AF45-4DD5-8E76-28C36C5804DF}.Release|Any CPU.Build.0 = Release|Any CPU
		{54033650-736F-4092-A81F-E8E99CF1845F}.Debug|Any CPU.ActiveCfg = Debug|Any CPU
		{54033650-736F-4092-A81F-E8E99CF1845F}.Debug|Any CPU.Build.0 = Debug|Any CPU
		{54033650-736F-4092-A81F-E8E99CF1845F}.Release|Any CPU.ActiveCfg = Release|Any CPU
		{54033650-736F-4092-A81F-E8E99CF1845F}.Release|Any CPU.Build.0 = Release|Any CPU
		{7DCC1CEE-DA99-4B1D-B7AD-D630066FF40F}.Debug|Any CPU.ActiveCfg = Debug|Any CPU
		{7DCC1CEE-DA99-4B1D-B7AD-D630066FF40F}.Debug|Any CPU.Build.0 = Debug|Any CPU
		{7DCC1CEE-DA99-4B1D-B7AD-D630066FF40F}.Release|Any CPU.ActiveCfg = Release|Any CPU
		{7DCC1CEE-DA99-4B1D-B7AD-D630066FF40F}.Release|Any CPU.Build.0 = Release|Any CPU
	EndGlobalSection
EndGlobal
